
Microsoft Visual Studio Solution File, Format Version 11.00
# Visual Studio 2010
Project("{2150E333-8FDC-42A3-9474-1A3956D46DE8}") = "SharedItems", "SharedItems", "{A28A5A15-D890-4080-806F-4211271E5F53}"
	ProjectSection(SolutionItems) = preProject
		SharedItems\mpost.SilverlightFramework.dll = SharedItems\mpost.SilverlightFramework.dll
	EndProjectSection
EndProject
Project("{FAE04EC0-301F-11D3-BF4B-00C04F79EFBC}") = "mpost.SilverlightMultiFileUpload", "mpost.SilverlightMultiFileUpload\mpost.SilverlightMultiFileUpload.csproj", "{3B32FB59-A762-4E76-880F-3BD4721A4D27}"
EndProject
Project("{E24C65DC-7377-472B-9ABA-BC803B73C61A}") = "mpost.SilverlightMultiFileUploadWeb", "mpost.SilverlightMultiFileUploadWeb", "{927B3E14-2BE2-4136-ACF6-1D9A01DB239B}"
	ProjectSection(WebsiteProperties) = preProject
		SccProjectName = "SAK"
		SccAuxPath = "SAK"
		SccLocalPath = "SAK"
		SccProvider = "SAK"
		TargetFrameworkMoniker = ".NETFramework,Version%3Dv3.5"
		ProjectReferences = ""
		Debug.AspNetCompiler.VirtualPath = "/mpost.SilverlightMultiFileUploadWeb"
		Debug.AspNetCompiler.PhysicalPath = "mpost.SilverlightMultiFileUploadWeb\"
		Debug.AspNetCompiler.TargetPath = "PrecompiledWeb\mpost.SilverlightMultiFileUploadWeb\"
		Debug.AspNetCompiler.Updateable = "true"
		Debug.AspNetCompiler.ForceOverwrite = "true"
		Debug.AspNetCompiler.FixedNames = "false"
		Debug.AspNetCompiler.Debug = "True"
		Release.AspNetCompiler.VirtualPath = "/mpost.SilverlightMultiFileUploadWeb"
		Release.AspNetCompiler.PhysicalPath = "mpost.SilverlightMultiFileUploadWeb\"
		Release.AspNetCompiler.TargetPath = "PrecompiledWeb\mpost.SilverlightMultiFileUploadWeb\"
		Release.AspNetCompiler.Updateable = "true"
		Release.AspNetCompiler.ForceOverwrite = "true"
		Release.AspNetCompiler.FixedNames = "false"
		Release.AspNetCompiler.Debug = "False"
		VWDPort = "53409"
		VWDDynamicPort = "false"
		DefaultWebSiteLanguage = "Visual C#"
		ProjOutputReferences = "{3B32FB59-A762-4E76-880F-3BD4721A4D27}|ClientBin|false;{3447C4D5-B1BB-4A06-93C2-C724BFC3A50A}|ClientBin|false;{ACD7D8A6-2FBE-4F12-BF25-FEE0736A1933}|ClientBin|false;{748BCBAB-6B8F-48D7-B77B-6E148099897B}|ClientBin|false;{9717FA11-8FD1-4425-A5B7-A8346969881B}|ClientBin|false;"
	EndProjectSection
EndProject
Project("{FAE04EC0-301F-11D3-BF4B-00C04F79EFBC}") = "mpost.SilverlightMultiFileUpload.Core", "mpost.SilverlightMultiFileUpload.Core\mpost.SilverlightMultiFileUpload.Core.csproj", "{629D85AF-BB35-4FB2-97C6-7618F2216648}"
EndProject
Project("{FAE04EC0-301F-11D3-BF4B-00C04F79EFBC}") = "mpost.SilverlightMultiFileUpload.Lite", "mpost.SilverlightMultiFileUpload.Lite\mpost.SilverlightMultiFileUpload.Lite.csproj", "{3447C4D5-B1BB-4A06-93C2-C724BFC3A50A}"
EndProject
Project("{2150E333-8FDC-42A3-9474-1A3956D46DE8}") = "Silverlight Applications", "Silverlight Applications", "{3FB8DC2E-608F-43A8-803D-4560BDBE7340}"
EndProject
Project("{2150E333-8FDC-42A3-9474-1A3956D46DE8}") = "Silverlight Libraries", "Silverlight Libraries", "{F72D7537-BD9C-48DC-9EC3-CB841A159217}"
EndProject
Project("{FAE04EC0-301F-11D3-BF4B-00C04F79EFBC}") = "mpost.SilverlightMultiFileUpload.Progress", "mpost.SilverlightMultiFileUpload.Progress\mpost.SilverlightMultiFileUpload.Progress.csproj", "{ACD7D8A6-2FBE-4F12-BF25-FEE0736A1933}"
EndProject
Project("{FAE04EC0-301F-11D3-BF4B-00C04F79EFBC}") = "mpost.Silverlight.MEF", "mpost.Silverlight.MEF\mpost.Silverlight.MEF.csproj", "{EF6FB099-FE97-4D96-B09B-992F1441E7C4}"
EndProject
Project("{2150E333-8FDC-42A3-9474-1A3956D46DE8}") = "MEF Plugins", "MEF Plugins", "{852A952E-4AE6-4567-A852-F7F29387AC22}"
EndProject
Project("{FAE04EC0-301F-11D3-BF4B-00C04F79EFBC}") = "mpost.SilverlightMultiFileUpload.Utils", "mpost.SilverlightMultiFileUpload.Utils\mpost.SilverlightMultiFileUpload.Utils.csproj", "{54D23E83-D62C-4576-AFA6-63AD04907905}"
EndProject
Project("{FAE04EC0-301F-11D3-BF4B-00C04F79EFBC}") = "mpost.SLMFU.MEF.Host", "mpost.SLMFU.MEF.Host\mpost.SLMFU.MEF.Host.csproj", "{748BCBAB-6B8F-48D7-B77B-6E148099897B}"
EndProject
Project("{FAE04EC0-301F-11D3-BF4B-00C04F79EFBC}") = "mpost.SLMFU.MEF.Plugins.Thumbnails", "mpost.SLMFU.MEF.Plugins.Thumbnails\mpost.SLMFU.MEF.Plugins.Thumbnails.csproj", "{9717FA11-8FD1-4425-A5B7-A8346969881B}"
EndProject
Project("{FAE04EC0-301F-11D3-BF4B-00C04F79EFBC}") = "mpost.SilverlightMultiFileUpload.Contracts", "mpost.SilverlightMultiFileUpload.Contracts\mpost.SilverlightMultiFileUpload.Contracts.csproj", "{8AC4FE61-C68C-4030-A96C-CDC715129620}"
EndProject
Global
	GlobalSection(TeamFoundationVersionControl) = preSolution
		SccNumberOfProjects = 11
		SccEnterpriseProvider = {4CA58AB2-18FA-4F8D-95D4-32DDF27D184C}
		SccTeamFoundationServer = https://tfs.codeplex.com/tfs/tfs08
		SccLocalPath0 = .
		SccProjectUniqueName1 = mpost.SilverlightMultiFileUpload\\mpost.SilverlightMultiFileUpload.csproj
		SccProjectTopLevelParentUniqueName1 = mpost.SilverlightMultiFileUpload.sln
		SccProjectName1 = mpost.SilverlightMultiFileUpload
		SccLocalPath1 = mpost.SilverlightMultiFileUpload
		SccWebProject2 = true
		SccProjectUniqueName2 = mpost.SilverlightMultiFileUploadWeb
		SccProjectName2 = mpost.SilverlightMultiFileUploadWeb
		SccLocalPath2 = mpost.SilverlightMultiFileUploadWeb
		SccProjectEnlistmentChoice2 = 2
		SccProjectUniqueName3 = mpost.SilverlightMultiFileUpload.Core\\mpost.SilverlightMultiFileUpload.Core.csproj
		SccProjectTopLevelParentUniqueName3 = mpost.SilverlightMultiFileUpload.sln
		SccProjectName3 = mpost.SilverlightMultiFileUpload.Core
		SccLocalPath3 = mpost.SilverlightMultiFileUpload.Core
		SccProjectUniqueName4 = mpost.SilverlightMultiFileUpload.Lite\\mpost.SilverlightMultiFileUpload.Lite.csproj
		SccProjectTopLevelParentUniqueName4 = mpost.SilverlightMultiFileUpload.sln
		SccProjectName4 = mpost.SilverlightMultiFileUpload.Lite
		SccLocalPath4 = mpost.SilverlightMultiFileUpload.Lite
		SccProjectUniqueName5 = mpost.SilverlightMultiFileUpload.Progress\\mpost.SilverlightMultiFileUpload.Progress.csproj
		SccProjectTopLevelParentUniqueName5 = mpost.SilverlightMultiFileUpload.sln
		SccProjectName5 = mpost.SilverlightMultiFileUpload.Progress
		SccLocalPath5 = mpost.SilverlightMultiFileUpload.Progress
		SccProjectUniqueName6 = mpost.Silverlight.MEF\\mpost.Silverlight.MEF.csproj
		SccProjectTopLevelParentUniqueName6 = mpost.SilverlightMultiFileUpload.sln
		SccProjectName6 = mpost.Silverlight.MEF
		SccLocalPath6 = mpost.Silverlight.MEF
		SccProjectUniqueName7 = mpost.SLMFU.MEF.Host\\mpost.SLMFU.MEF.Host.csproj
		SccProjectTopLevelParentUniqueName7 = mpost.SilverlightMultiFileUpload.sln
		SccProjectName7 = mpost.SLMFU.MEF.Host
		SccLocalPath7 = mpost.SLMFU.MEF.Host
		SccProjectUniqueName8 = mpost.SLMFU.MEF.Plugins.Thumbnails\\mpost.SLMFU.MEF.Plugins.Thumbnails.csproj
		SccProjectTopLevelParentUniqueName8 = mpost.SilverlightMultiFileUpload.sln
		SccProjectName8 = mpost.SLMFU.MEF.Plugins.Thumbnails
		SccLocalPath8 = mpost.SLMFU.MEF.Plugins.Thumbnails
		SccProjectUniqueName9 = mpost.SilverlightMultiFileUpload.Contracts\\mpost.SilverlightMultiFileUpload.Contracts.csproj
		SccProjectTopLevelParentUniqueName9 = mpost.SilverlightMultiFileUpload.sln
		SccProjectName9 = mpost.SilverlightMultiFileUpload.Contracts
		SccLocalPath9 = mpost.SilverlightMultiFileUpload.Contracts
		SccProjectUniqueName10 = mpost.SilverlightMultiFileUpload.Utils\\mpost.SilverlightMultiFileUpload.Utils.csproj
		SccProjectTopLevelParentUniqueName10 = mpost.SilverlightMultiFileUpload.sln
		SccProjectName10 = mpost.SilverlightMultiFileUpload.Utils
		SccLocalPath10 = mpost.SilverlightMultiFileUpload.Utils
	EndGlobalSection
	GlobalSection(SolutionConfigurationPlatforms) = preSolution
		Debug|.NET = Debug|.NET
		Debug|Any CPU = Debug|Any CPU
		Debug|Mixed Platforms = Debug|Mixed Platforms
		Release|.NET = Release|.NET
		Release|Any CPU = Release|Any CPU
		Release|Mixed Platforms = Release|Mixed Platforms
	EndGlobalSection
	GlobalSection(ProjectConfigurationPlatforms) = postSolution
		{3B32FB59-A762-4E76-880F-3BD4721A4D27}.Debug|.NET.ActiveCfg = Debug|Any CPU
		{3B32FB59-A762-4E76-880F-3BD4721A4D27}.Debug|Any CPU.ActiveCfg = Debug|Any CPU
		{3B32FB59-A762-4E76-880F-3BD4721A4D27}.Debug|Any CPU.Build.0 = Debug|Any CPU
		{3B32FB59-A762-4E76-880F-3BD4721A4D27}.Debug|Mixed Platforms.ActiveCfg = Debug|Any CPU
		{3B32FB59-A762-4E76-880F-3BD4721A4D27}.Debug|Mixed Platforms.Build.0 = Debug|Any CPU
		{3B32FB59-A762-4E76-880F-3BD4721A4D27}.Release|.NET.ActiveCfg = Release|Any CPU
		{3B32FB59-A762-4E76-880F-3BD4721A4D27}.Release|Any CPU.ActiveCfg = Release|Any CPU
		{3B32FB59-A762-4E76-880F-3BD4721A4D27}.Release|Any CPU.Build.0 = Release|Any CPU
		{3B32FB59-A762-4E76-880F-3BD4721A4D27}.Release|Mixed Platforms.ActiveCfg = Release|Any CPU
		{3B32FB59-A762-4E76-880F-3BD4721A4D27}.Release|Mixed Platforms.Build.0 = Release|Any CPU
		{927B3E14-2BE2-4136-ACF6-1D9A01DB239B}.Debug|.NET.ActiveCfg = Debug|.NET
		{927B3E14-2BE2-4136-ACF6-1D9A01DB239B}.Debug|.NET.Build.0 = Debug|.NET
		{927B3E14-2BE2-4136-ACF6-1D9A01DB239B}.Debug|Any CPU.ActiveCfg = Debug|.NET
		{927B3E14-2BE2-4136-ACF6-1D9A01DB239B}.Debug|Mixed Platforms.ActiveCfg = Debug|.NET
		{927B3E14-2BE2-4136-ACF6-1D9A01DB239B}.Debug|Mixed Platforms.Build.0 = Debug|.NET
		{927B3E14-2BE2-4136-ACF6-1D9A01DB239B}.Release|.NET.ActiveCfg = Debug|.NET
		{927B3E14-2BE2-4136-ACF6-1D9A01DB239B}.Release|.NET.Build.0 = Debug|.NET
		{927B3E14-2BE2-4136-ACF6-1D9A01DB239B}.Release|Any CPU.ActiveCfg = Debug|.NET
		{927B3E14-2BE2-4136-ACF6-1D9A01DB239B}.Release|Mixed Platforms.ActiveCfg = Debug|.NET
		{927B3E14-2BE2-4136-ACF6-1D9A01DB239B}.Release|Mixed Platforms.Build.0 = Debug|.NET
		{629D85AF-BB35-4FB2-97C6-7618F2216648}.Debug|.NET.ActiveCfg = Debug|Any CPU
		{629D85AF-BB35-4FB2-97C6-7618F2216648}.Debug|Any CPU.ActiveCfg = Debug|Any CPU
		{629D85AF-BB35-4FB2-97C6-7618F2216648}.Debug|Any CPU.Build.0 = Debug|Any CPU
		{629D85AF-BB35-4FB2-97C6-7618F2216648}.Debug|Mixed Platforms.ActiveCfg = Debug|Any CPU
		{629D85AF-BB35-4FB2-97C6-7618F2216648}.Debug|Mixed Platforms.Build.0 = Debug|Any CPU
		{629D85AF-BB35-4FB2-97C6-7618F2216648}.Release|.NET.ActiveCfg = Release|Any CPU
		{629D85AF-BB35-4FB2-97C6-7618F2216648}.Release|Any CPU.ActiveCfg = Release|Any CPU
		{629D85AF-BB35-4FB2-97C6-7618F2216648}.Release|Any CPU.Build.0 = Release|Any CPU
		{629D85AF-BB35-4FB2-97C6-7618F2216648}.Release|Mixed Platforms.ActiveCfg = Release|Any CPU
		{629D85AF-BB35-4FB2-97C6-7618F2216648}.Release|Mixed Platforms.Build.0 = Release|Any CPU
		{3447C4D5-B1BB-4A06-93C2-C724BFC3A50A}.Debug|.NET.ActiveCfg = Debug|Any CPU
		{3447C4D5-B1BB-4A06-93C2-C724BFC3A50A}.Debug|Any CPU.ActiveCfg = Debug|Any CPU
		{3447C4D5-B1BB-4A06-93C2-C724BFC3A50A}.Debug|Any CPU.Build.0 = Debug|Any CPU
		{3447C4D5-B1BB-4A06-93C2-C724BFC3A50A}.Debug|Mixed Platforms.ActiveCfg = Debug|Any CPU
		{3447C4D5-B1BB-4A06-93C2-C724BFC3A50A}.Debug|Mixed Platforms.Build.0 = Debug|Any CPU
		{3447C4D5-B1BB-4A06-93C2-C724BFC3A50A}.Release|.NET.ActiveCfg = Release|Any CPU
		{3447C4D5-B1BB-4A06-93C2-C724BFC3A50A}.Release|Any CPU.ActiveCfg = Release|Any CPU
		{3447C4D5-B1BB-4A06-93C2-C724BFC3A50A}.Release|Any CPU.Build.0 = Release|Any CPU
		{3447C4D5-B1BB-4A06-93C2-C724BFC3A50A}.Release|Mixed Platforms.ActiveCfg = Release|Any CPU
		{3447C4D5-B1BB-4A06-93C2-C724BFC3A50A}.Release|Mixed Platforms.Build.0 = Release|Any CPU
		{ACD7D8A6-2FBE-4F12-BF25-FEE0736A1933}.Debug|.NET.ActiveCfg = Debug|Any CPU
		{ACD7D8A6-2FBE-4F12-BF25-FEE0736A1933}.Debug|Any CPU.ActiveCfg = Debug|Any CPU
		{ACD7D8A6-2FBE-4F12-BF25-FEE0736A1933}.Debug|Any CPU.Build.0 = Debug|Any CPU
		{ACD7D8A6-2FBE-4F12-BF25-FEE0736A1933}.Debug|Mixed Platforms.ActiveCfg = Debug|Any CPU
		{ACD7D8A6-2FBE-4F12-BF25-FEE0736A1933}.Debug|Mixed Platforms.Build.0 = Debug|Any CPU
		{ACD7D8A6-2FBE-4F12-BF25-FEE0736A1933}.Release|.NET.ActiveCfg = Release|Any CPU
		{ACD7D8A6-2FBE-4F12-BF25-FEE0736A1933}.Release|Any CPU.ActiveCfg = Release|Any CPU
		{ACD7D8A6-2FBE-4F12-BF25-FEE0736A1933}.Release|Any CPU.Build.0 = Release|Any CPU
		{ACD7D8A6-2FBE-4F12-BF25-FEE0736A1933}.Release|Mixed Platforms.ActiveCfg = Release|Any CPU
		{ACD7D8A6-2FBE-4F12-BF25-FEE0736A1933}.Release|Mixed Platforms.Build.0 = Release|Any CPU
		{EF6FB099-FE97-4D96-B09B-992F1441E7C4}.Debug|.NET.ActiveCfg = Debug|Any CPU
		{EF6FB099-FE97-4D96-B09B-992F1441E7C4}.Debug|Any CPU.ActiveCfg = Debug|Any CPU
		{EF6FB099-FE97-4D96-B09B-992F1441E7C4}.Debug|Any CPU.Build.0 = Debug|Any CPU
		{EF6FB099-FE97-4D96-B09B-992F1441E7C4}.Debug|Mixed Platforms.ActiveCfg = Debug|Any CPU
		{EF6FB099-FE97-4D96-B09B-992F1441E7C4}.Debug|Mixed Platforms.Build.0 = Debug|Any CPU
		{EF6FB099-FE97-4D96-B09B-992F1441E7C4}.Release|.NET.ActiveCfg = Release|Any CPU
		{EF6FB099-FE97-4D96-B09B-992F1441E7C4}.Release|Any CPU.ActiveCfg = Release|Any CPU
		{EF6FB099-FE97-4D96-B09B-992F1441E7C4}.Release|Any CPU.Build.0 = Release|Any CPU
		{EF6FB099-FE97-4D96-B09B-992F1441E7C4}.Release|Mixed Platforms.ActiveCfg = Release|Any CPU
		{EF6FB099-FE97-4D96-B09B-992F1441E7C4}.Release|Mixed Platforms.Build.0 = Release|Any CPU
		{54D23E83-D62C-4576-AFA6-63AD04907905}.Debug|.NET.ActiveCfg = Debug|Any CPU
		{54D23E83-D62C-4576-AFA6-63AD04907905}.Debug|Any CPU.ActiveCfg = Debug|Any CPU
		{54D23E83-D62C-4576-AFA6-63AD04907905}.Debug|Any CPU.Build.0 = Debug|Any CPU
		{54D23E83-D62C-4576-AFA6-63AD04907905}.Debug|Mixed Platforms.ActiveCfg = Debug|Any CPU
		{54D23E83-D62C-4576-AFA6-63AD04907905}.Debug|Mixed Platforms.Build.0 = Debug|Any CPU
		{54D23E83-D62C-4576-AFA6-63AD04907905}.Release|.NET.ActiveCfg = Release|Any CPU
		{54D23E83-D62C-4576-AFA6-63AD04907905}.Release|Any CPU.ActiveCfg = Release|Any CPU
		{54D23E83-D62C-4576-AFA6-63AD04907905}.Release|Any CPU.Build.0 = Release|Any CPU
		{54D23E83-D62C-4576-AFA6-63AD04907905}.Release|Mixed Platforms.ActiveCfg = Release|Any CPU
		{54D23E83-D62C-4576-AFA6-63AD04907905}.Release|Mixed Platforms.Build.0 = Release|Any CPU
		{748BCBAB-6B8F-48D7-B77B-6E148099897B}.Debug|.NET.ActiveCfg = Debug|Any CPU
		{748BCBAB-6B8F-48D7-B77B-6E148099897B}.Debug|Any CPU.ActiveCfg = Debug|Any CPU
		{748BCBAB-6B8F-48D7-B77B-6E148099897B}.Debug|Any CPU.Build.0 = Debug|Any CPU
		{748BCBAB-6B8F-48D7-B77B-6E148099897B}.Debug|Mixed Platforms.ActiveCfg = Debug|Any CPU
		{748BCBAB-6B8F-48D7-B77B-6E148099897B}.Debug|Mixed Platforms.Build.0 = Debug|Any CPU
		{748BCBAB-6B8F-48D7-B77B-6E148099897B}.Release|.NET.ActiveCfg = Release|Any CPU
		{748BCBAB-6B8F-48D7-B77B-6E148099897B}.Release|Any CPU.ActiveCfg = Release|Any CPU
		{748BCBAB-6B8F-48D7-B77B-6E148099897B}.Release|Any CPU.Build.0 = Release|Any CPU
		{748BCBAB-6B8F-48D7-B77B-6E148099897B}.Release|Mixed Platforms.ActiveCfg = Release|Any CPU
		{748BCBAB-6B8F-48D7-B77B-6E148099897B}.Release|Mixed Platforms.Build.0 = Release|Any CPU
		{9717FA11-8FD1-4425-A5B7-A8346969881B}.Debug|.NET.ActiveCfg = Debug|Any CPU
		{9717FA11-8FD1-4425-A5B7-A8346969881B}.Debug|Any CPU.ActiveCfg = Debug|Any CPU
		{9717FA11-8FD1-4425-A5B7-A8346969881B}.Debug|Any CPU.Build.0 = Debug|Any CPU
		{9717FA11-8FD1-4425-A5B7-A8346969881B}.Debug|Mixed Platforms.ActiveCfg = Debug|Any CPU
		{9717FA11-8FD1-4425-A5B7-A8346969881B}.Debug|Mixed Platforms.Build.0 = Debug|Any CPU
		{9717FA11-8FD1-4425-A5B7-A8346969881B}.Release|.NET.ActiveCfg = Release|Any CPU
		{9717FA11-8FD1-4425-A5B7-A8346969881B}.Release|Any CPU.ActiveCfg = Release|Any CPU
		{9717FA11-8FD1-4425-A5B7-A8346969881B}.Release|Any CPU.Build.0 = Release|Any CPU
		{9717FA11-8FD1-4425-A5B7-A8346969881B}.Release|Mixed Platforms.ActiveCfg = Release|Any CPU
		{9717FA11-8FD1-4425-A5B7-A8346969881B}.Release|Mixed Platforms.Build.0 = Release|Any CPU
		{8AC4FE61-C68C-4030-A96C-CDC715129620}.Debug|.NET.ActiveCfg = Debug|Any CPU
		{8AC4FE61-C68C-4030-A96C-CDC715129620}.Debug|Any CPU.ActiveCfg = Debug|Any CPU
		{8AC4FE61-C68C-4030-A96C-CDC715129620}.Debug|Any CPU.Build.0 = Debug|Any CPU
		{8AC4FE61-C68C-4030-A96C-CDC715129620}.Debug|Mixed Platforms.ActiveCfg = Debug|Any CPU
		{8AC4FE61-C68C-4030-A96C-CDC715129620}.Debug|Mixed Platforms.Build.0 = Debug|Any CPU
		{8AC4FE61-C68C-4030-A96C-CDC715129620}.Release|.NET.ActiveCfg = Release|Any CPU
		{8AC4FE61-C68C-4030-A96C-CDC715129620}.Release|Any CPU.ActiveCfg = Release|Any CPU
		{8AC4FE61-C68C-4030-A96C-CDC715129620}.Release|Any CPU.Build.0 = Release|Any CPU
		{8AC4FE61-C68C-4030-A96C-CDC715129620}.Release|Mixed Platforms.ActiveCfg = Release|Any CPU
		{8AC4FE61-C68C-4030-A96C-CDC715129620}.Release|Mixed Platforms.Build.0 = Release|Any CPU
	EndGlobalSection
	GlobalSection(SolutionProperties) = preSolution
		HideSolutionNode = FALSE
	EndGlobalSection
	GlobalSection(NestedProjects) = preSolution
		{3447C4D5-B1BB-4A06-93C2-C724BFC3A50A} = {3FB8DC2E-608F-43A8-803D-4560BDBE7340}
		{3B32FB59-A762-4E76-880F-3BD4721A4D27} = {3FB8DC2E-608F-43A8-803D-4560BDBE7340}
		{ACD7D8A6-2FBE-4F12-BF25-FEE0736A1933} = {3FB8DC2E-608F-43A8-803D-4560BDBE7340}
		{748BCBAB-6B8F-48D7-B77B-6E148099897B} = {3FB8DC2E-608F-43A8-803D-4560BDBE7340}
		{629D85AF-BB35-4FB2-97C6-7618F2216648} = {F72D7537-BD9C-48DC-9EC3-CB841A159217}
		{EF6FB099-FE97-4D96-B09B-992F1441E7C4} = {F72D7537-BD9C-48DC-9EC3-CB841A159217}
		{54D23E83-D62C-4576-AFA6-63AD04907905} = {F72D7537-BD9C-48DC-9EC3-CB841A159217}
		{8AC4FE61-C68C-4030-A96C-CDC715129620} = {F72D7537-BD9C-48DC-9EC3-CB841A159217}
		{9717FA11-8FD1-4425-A5B7-A8346969881B} = {852A952E-4AE6-4567-A852-F7F29387AC22}
	EndGlobalSection
EndGlobal
